// !$*UTF8*$!
{
	archiveVersion = 1;
	classes = {
	};
	objectVersion = 50;
	objects = {

/* Begin PBXBuildFile section */
		2EF7A8B426F9C3FA0093A80C /* toohakApp.swift in Sources */ = {isa = PBXBuildFile; fileRef = 2EF7A8B326F9C3FA0093A80C /* toohakApp.swift */; };
		2EF7A8B626F9C3FA0093A80C /* ContentView.swift in Sources */ = {isa = PBXBuildFile; fileRef = 2EF7A8B526F9C3FA0093A80C /* ContentView.swift */; };
		2EF7A8B826F9C4090093A80C /* Assets.xcassets in Resources */ = {isa = PBXBuildFile; fileRef = 2EF7A8B726F9C4090093A80C /* Assets.xcassets */; };
		2EF7A8BB26F9C4090093A80C /* Preview Assets.xcassets in Resources */ = {isa = PBXBuildFile; fileRef = 2EF7A8BA26F9C4090093A80C /* Preview Assets.xcassets */; };
		2EF7A8C626F9C40A0093A80C /* toohakTests.swift in Sources */ = {isa = PBXBuildFile; fileRef = 2EF7A8C526F9C40A0093A80C /* toohakTests.swift */; };
		2EF7A8D126F9C40A0093A80C /* toohakUITests.swift in Sources */ = {isa = PBXBuildFile; fileRef = 2EF7A8D026F9C40A0093A80C /* toohakUITests.swift */; };
/* End PBXBuildFile section */

/* Begin PBXContainerItemProxy section */
		2EF7A8C226F9C40A0093A80C /* PBXContainerItemProxy */ = {
			isa = PBXContainerItemProxy;
			containerPortal = 2EF7A8A826F9C3F90093A80C /* Project object */;
			proxyType = 1;
			remoteGlobalIDString = 2EF7A8AF26F9C3F90093A80C;
			remoteInfo = toohak;
		};
		2EF7A8CD26F9C40A0093A80C /* PBXContainerItemProxy */ = {
			isa = PBXContainerItemProxy;
			containerPortal = 2EF7A8A826F9C3F90093A80C /* Project object */;
			proxyType = 1;
			remoteGlobalIDString = 2EF7A8AF26F9C3F90093A80C;
			remoteInfo = toohak;
		};
/* End PBXContainerItemProxy section */

/* Begin PBXFileReference section */
		2EF7A8B026F9C3FA0093A80C /* toohak.app */ = {isa = PBXFileReference; explicitFileType = wrapper.application; includeInIndex = 0; path = toohak.app; sourceTree = BUILT_PRODUCTS_DIR; };
		2EF7A8B326F9C3FA0093A80C /* toohakApp.swift */ = {isa = PBXFileReference; lastKnownFileType = sourcecode.swift; path = toohakApp.swift; sourceTree = "<group>"; };
		2EF7A8B526F9C3FA0093A80C /* ContentView.swift */ = {isa = PBXFileReference; lastKnownFileType = sourcecode.swift; path = ContentView.swift; sourceTree = "<group>"; };
		2EF7A8B726F9C4090093A80C /* Assets.xcassets */ = {isa = PBXFileReference; lastKnownFileType = folder.assetcatalog; path = Assets.xcassets; sourceTree = "<group>"; };
		2EF7A8BA26F9C4090093A80C /* Preview Assets.xcassets */ = {isa = PBXFileReference; lastKnownFileType = folder.assetcatalog; path = "Preview Assets.xcassets"; sourceTree = "<group>"; };
		2EF7A8BC26F9C4090093A80C /* Info.plist */ = {isa = PBXFileReference; lastKnownFileType = text.plist.xml; path = Info.plist; sourceTree = "<group>"; };
		2EF7A8C126F9C40A0093A80C /* toohakTests.xctest */ = {isa = PBXFileReference; explicitFileType = wrapper.cfbundle; includeInIndex = 0; path = toohakTests.xctest; sourceTree = BUILT_PRODUCTS_DIR; };
		2EF7A8C526F9C40A0093A80C /* toohakTests.swift */ = {isa = PBXFileReference; lastKnownFileType = sourcecode.swift; path = toohakTests.swift; sourceTree = "<group>"; };
		2EF7A8C726F9C40A0093A80C /* Info.plist */ = {isa = PBXFileReference; lastKnownFileType = text.plist.xml; path = Info.plist; sourceTree = "<group>"; };
		2EF7A8CC26F9C40A0093A80C /* toohakUITests.xctest */ = {isa = PBXFileReference; explicitFileType = wrapper.cfbundle; includeInIndex = 0; path = toohakUITests.xctest; sourceTree = BUILT_PRODUCTS_DIR; };
		2EF7A8D026F9C40A0093A80C /* toohakUITests.swift */ = {isa = PBXFileReference; lastKnownFileType = sourcecode.swift; path = toohakUITests.swift; sourceTree = "<group>"; };
		2EF7A8D226F9C40A0093A80C /* Info.plist */ = {isa = PBXFileReference; lastKnownFileType = text.plist.xml; path = Info.plist; sourceTree = "<group>"; };
/* End PBXFileReference section */

/* Begin PBXFrameworksBuildPhase section */
		2EF7A8AD26F9C3F90093A80C /* Frameworks */ = {
			isa = PBXFrameworksBuildPhase;
			buildActionMask = 2147483647;
			files = (
			);
			runOnlyForDeploymentPostprocessing = 0;
		};
		2EF7A8BE26F9C40A0093A80C /* Frameworks */ = {
			isa = PBXFrameworksBuildPhase;
			buildActionMask = 2147483647;
			files = (
			);
			runOnlyForDeploymentPostprocessing = 0;
		};
		2EF7A8C926F9C40A0093A80C /* Frameworks */ = {
			isa = PBXFrameworksBuildPhase;
			buildActionMask = 2147483647;
			files = (
			);
			runOnlyForDeploymentPostprocessing = 0;
		};
/* End PBXFrameworksBuildPhase section */

/* Begin PBXGroup section */
		2EF7A8A726F9C3F90093A80C = {
			isa = PBXGroup;
			children = (
				2EF7A8B226F9C3FA0093A80C /* toohak */,
				2EF7A8C426F9C40A0093A80C /* toohakTests */,
				2EF7A8CF26F9C40A0093A80C /* toohakUITests */,
				2EF7A8B126F9C3FA0093A80C /* Products */,
			);
			sourceTree = "<group>";
		};
		2EF7A8B126F9C3FA0093A80C /* Products */ = {
			isa = PBXGroup;
			children = (
				2EF7A8B026F9C3FA0093A80C /* toohak.app */,
				2EF7A8C126F9C40A0093A80C /* toohakTests.xctest */,
				2EF7A8CC26F9C40A0093A80C /* toohakUITests.xctest */,
			);
			name = Products;
			sourceTree = "<group>";
		};
		2EF7A8B226F9C3FA0093A80C /* toohak */ = {
			isa = PBXGroup;
			children = (
				2EF7A8B326F9C3FA0093A80C /* toohakApp.swift */,
				2EF7A8B526F9C3FA0093A80C /* ContentView.swift */,
				2EF7A8B726F9C4090093A80C /* Assets.xcassets */,
				2EF7A8BC26F9C4090093A80C /* Info.plist */,
				2EF7A8B926F9C4090093A80C /* Preview Content */,
			);
			path = toohak;
			sourceTree = "<group>";
		};
		2EF7A8B926F9C4090093A80C /* Preview Content */ = {
			isa = PBXGroup;
			children = (
				2EF7A8BA26F9C4090093A80C /* Preview Assets.xcassets */,
			);
			path = "Preview Content";
			sourceTree = "<group>";
		};
		2EF7A8C426F9C40A0093A80C /* toohakTests */ = {
			isa = PBXGroup;
			children = (
				2EF7A8C526F9C40A0093A80C /* toohakTests.swift */,
				2EF7A8C726F9C40A0093A80C /* Info.plist */,
			);
			path = toohakTests;
			sourceTree = "<group>";
		};
		2EF7A8CF26F9C40A0093A80C /* toohakUITests */ = {
			isa = PBXGroup;
			children = (
				2EF7A8D026F9C40A0093A80C /* toohakUITests.swift */,
				2EF7A8D226F9C40A0093A80C /* Info.plist */,
			);
			path = toohakUITests;
			sourceTree = "<group>";
		};
/* End PBXGroup section */

/* Begin PBXNativeTarget section */
		2EF7A8AF26F9C3F90093A80C /* toohak */ = {
			isa = PBXNativeTarget;
			buildConfigurationList = 2EF7A8D526F9C40A0093A80C /* Build configuration list for PBXNativeTarget "toohak" */;
			buildPhases = (
				2EF7A8AC26F9C3F90093A80C /* Sources */,
				2EF7A8AD26F9C3F90093A80C /* Frameworks */,
				2EF7A8AE26F9C3F90093A80C /* Resources */,
			);
			buildRules = (
			);
			dependencies = (
			);
			name = toohak;
			productName = toohak;
			productReference = 2EF7A8B026F9C3FA0093A80C /* toohak.app */;
			productType = "com.apple.product-type.application";
		};
		2EF7A8C026F9C40A0093A80C /* toohakTests */ = {
			isa = PBXNativeTarget;
			buildConfigurationList = 2EF7A8D826F9C40A0093A80C /* Build configuration list for PBXNativeTarget "toohakTests" */;
			buildPhases = (
				2EF7A8BD26F9C40A0093A80C /* Sources */,
				2EF7A8BE26F9C40A0093A80C /* Frameworks */,
				2EF7A8BF26F9C40A0093A80C /* Resources */,
			);
			buildRules = (
			);
			dependencies = (
				2EF7A8C326F9C40A0093A80C /* PBXTargetDependency */,
			);
			name = toohakTests;
			productName = toohakTests;
			productReference = 2EF7A8C126F9C40A0093A80C /* toohakTests.xctest */;
			productType = "com.apple.product-type.bundle.unit-test";
		};
		2EF7A8CB26F9C40A0093A80C /* toohakUITests */ = {
			isa = PBXNativeTarget;
			buildConfigurationList = 2EF7A8DB26F9C40A0093A80C /* Build configuration list for PBXNativeTarget "toohakUITests" */;
			buildPhases = (
				2EF7A8C826F9C40A0093A80C /* Sources */,
				2EF7A8C926F9C40A0093A80C /* Frameworks */,
				2EF7A8CA26F9C40A0093A80C /* Resources */,
			);
			buildRules = (
			);
			dependencies = (
				2EF7A8CE26F9C40A0093A80C /* PBXTargetDependency */,
			);
			name = toohakUITests;
			productName = toohakUITests;
			productReference = 2EF7A8CC26F9C40A0093A80C /* toohakUITests.xctest */;
			productType = "com.apple.product-type.bundle.ui-testing";
		};
/* End PBXNativeTarget section */

/* Begin PBXProject section */
		2EF7A8A826F9C3F90093A80C /* Project object */ = {
			isa = PBXProject;
			attributes = {
				LastSwiftUpdateCheck = 1250;
				LastUpgradeCheck = 1250;
				TargetAttributes = {
					2EF7A8AF26F9C3F90093A80C = {
						CreatedOnToolsVersion = 12.5.1;
					};
					2EF7A8C026F9C40A0093A80C = {
						CreatedOnToolsVersion = 12.5.1;
						TestTargetID = 2EF7A8AF26F9C3F90093A80C;
					};
					2EF7A8CB26F9C40A0093A80C = {
						CreatedOnToolsVersion = 12.5.1;
						TestTargetID = 2EF7A8AF26F9C3F90093A80C;
					};
				};
			};
			buildConfigurationList = 2EF7A8AB26F9C3F90093A80C /* Build configuration list for PBXProject "toohak" */;
			compatibilityVersion = "Xcode 9.3";
			developmentRegion = en;
			hasScannedForEncodings = 0;
			knownRegions = (
				en,
				Base,
			);
			mainGroup = 2EF7A8A726F9C3F90093A80C;
			productRefGroup = 2EF7A8B126F9C3FA0093A80C /* Products */;
			projectDirPath = "";
			projectRoot = "";
			targets = (
				2EF7A8AF26F9C3F90093A80C /* toohak */,
				2EF7A8C026F9C40A0093A80C /* toohakTests */,
				2EF7A8CB26F9C40A0093A80C /* toohakUITests */,
			);
		};
/* End PBXProject section */

/* Begin PBXResourcesBuildPhase section */
		2EF7A8AE26F9C3F90093A80C /* Resources */ = {
			isa = PBXResourcesBuildPhase;
			buildActionMask = 2147483647;
			files = (
				2EF7A8BB26F9C4090093A80C /* Preview Assets.xcassets in Resources */,
				2EF7A8B826F9C4090093A80C /* Assets.xcassets in Resources */,
			);
			runOnlyForDeploymentPostprocessing = 0;
		};
		2EF7A8BF26F9C40A0093A80C /* Resources */ = {
			isa = PBXResourcesBuildPhase;
			buildActionMask = 2147483647;
			files = (
			);
			runOnlyForDeploymentPostprocessing = 0;
		};
		2EF7A8CA26F9C40A0093A80C /* Resources */ = {
			isa = PBXResourcesBuildPhase;
			buildActionMask = 2147483647;
			files = (
			);
			runOnlyForDeploymentPostprocessing = 0;
		};
/* End PBXResourcesBuildPhase section */

/* Begin PBXSourcesBuildPhase section */
		2EF7A8AC26F9C3F90093A80C /* Sources */ = {
			isa = PBXSourcesBuildPhase;
			buildActionMask = 2147483647;
			files = (
				2EF7A8B626F9C3FA0093A80C /* ContentView.swift in Sources */,
				2EF7A8B426F9C3FA0093A80C /* toohakApp.swift in Sources */,
			);
			runOnlyForDeploymentPostprocessing = 0;
		};
		2EF7A8BD26F9C40A0093A80C /* Sources */ = {
			isa = PBXSourcesBuildPhase;
			buildActionMask = 2147483647;
			files = (
				2EF7A8C626F9C40A0093A80C /* toohakTests.swift in Sources */,
			);
			runOnlyForDeploymentPostprocessing = 0;
		};
		2EF7A8C826F9C40A0093A80C /* Sources */ = {
			isa = PBXSourcesBuildPhase;
			buildActionMask = 2147483647;
			files = (
				2EF7A8D126F9C40A0093A80C /* toohakUITests.swift in Sources */,
			);
			runOnlyForDeploymentPostprocessing = 0;
		};
/* End PBXSourcesBuildPhase section */

/* Begin PBXTargetDependency section */
		2EF7A8C326F9C40A0093A80C /* PBXTargetDependency */ = {
			isa = PBXTargetDependency;
			target = 2EF7A8AF26F9C3F90093A80C /* toohak */;
			targetProxy = 2EF7A8C226F9C40A0093A80C /* PBXContainerItemProxy */;
		};
		2EF7A8CE26F9C40A0093A80C /* PBXTargetDependency */ = {
			isa = PBXTargetDependency;
			target = 2EF7A8AF26F9C3F90093A80C /* toohak */;
			targetProxy = 2EF7A8CD26F9C40A0093A80C /* PBXContainerItemProxy */;
		};
/* End PBXTargetDependency section */

/* Begin XCBuildConfiguration section */
		2EF7A8D326F9C40A0093A80C /* Debug */ = {
			isa = XCBuildConfiguration;
			buildSettings = {
				ALWAYS_SEARCH_USER_PATHS = NO;
				CLANG_ANALYZER_NONNULL = YES;
				CLANG_ANALYZER_NUMBER_OBJECT_CONVERSION = YES_AGGRESSIVE;
				CLANG_CXX_LANGUAGE_STANDARD = "gnu++14";
				CLANG_CXX_LIBRARY = "libc++";
				CLANG_ENABLE_MODULES = YES;
				CLANG_ENABLE_OBJC_ARC = YES;
				CLANG_ENABLE_OBJC_WEAK = YES;
				CLANG_WARN_BLOCK_CAPTURE_AUTORELEASING = YES;
				CLANG_WARN_BOOL_CONVERSION = YES;
				CLANG_WARN_COMMA = YES;
				CLANG_WARN_CONSTANT_CONVERSION = YES;
				CLANG_WARN_DEPRECATED_OBJC_IMPLEMENTATIONS = YES;
				CLANG_WARN_DIRECT_OBJC_ISA_USAGE = YES_ERROR;
				CLANG_WARN_DOCUMENTATION_COMMENTS = YES;
				CLANG_WARN_EMPTY_BODY = YES;
				CLANG_WARN_ENUM_CONVERSION = YES;
				CLANG_WARN_INFINITE_RECURSION = YES;
				CLANG_WARN_INT_CONVERSION = YES;
				CLANG_WARN_NON_LITERAL_NULL_CONVERSION = YES;
				CLANG_WARN_OBJC_IMPLICIT_RETAIN_SELF = YES;
				CLANG_WARN_OBJC_LITERAL_CONVERSION = YES;
				CLANG_WARN_OBJC_ROOT_CLASS = YES_ERROR;
				CLANG_WARN_QUOTED_INCLUDE_IN_FRAMEWORK_HEADER = YES;
				CLANG_WARN_RANGE_LOOP_ANALYSIS = YES;
				CLANG_WARN_STRICT_PROTOTYPES = YES;
				CLANG_WARN_SUSPICIOUS_MOVE = YES;
				CLANG_WARN_UNGUARDED_AVAILABILITY = YES_AGGRESSIVE;
				CLANG_WARN_UNREACHABLE_CODE = YES;
				CLANG_WARN__DUPLICATE_METHOD_MATCH = YES;
				COPY_PHASE_STRIP = NO;
				DEBUG_INFORMATION_FORMAT = dwarf;
				ENABLE_STRICT_OBJC_MSGSEND = YES;
				ENABLE_TESTABILITY = YES;
				GCC_C_LANGUAGE_STANDARD = gnu11;
				GCC_DYNAMIC_NO_PIC = NO;
				GCC_NO_COMMON_BLOCKS = YES;
				GCC_OPTIMIZATION_LEVEL = 0;
				GCC_PREPROCESSOR_DEFINITIONS = (
					"DEBUG=1",
					"$(inherited)",
				);
				GCC_WARN_64_TO_32_BIT_CONVERSION = YES;
				GCC_WARN_ABOUT_RETURN_TYPE = YES_ERROR;
				GCC_WARN_UNDECLARED_SELECTOR = YES;
				GCC_WARN_UNINITIALIZED_AUTOS = YES_AGGRESSIVE;
				GCC_WARN_UNUSED_FUNCTION = YES;
				GCC_WARN_UNUSED_VARIABLE = YES;
				IPHONEOS_DEPLOYMENT_TARGET = 14.5;
				MTL_ENABLE_DEBUG_INFO = INCLUDE_SOURCE;
				MTL_FAST_MATH = YES;
				ONLY_ACTIVE_ARCH = YES;
				SDKROOT = iphoneos;
				SWIFT_ACTIVE_COMPILATION_CONDITIONS = DEBUG;
				SWIFT_OPTIMIZATION_LEVEL = "-Onone";
			};
			name = Debug;
		};
		2EF7A8D426F9C40A0093A80C /* Release */ = {
			isa = XCBuildConfiguration;
			buildSettings = {
				ALWAYS_SEARCH_USER_PATHS = NO;
				CLANG_ANALYZER_NONNULL = YES;
				CLANG_ANALYZER_NUMBER_OBJECT_CONVERSION = YES_AGGRESSIVE;
				CLANG_CXX_LANGUAGE_STANDARD = "gnu++14";
				CLANG_CXX_LIBRARY = "libc++";
				CLANG_ENABLE_MODULES = YES;
				CLANG_ENABLE_OBJC_ARC = YES;
				CLANG_ENABLE_OBJC_WEAK = YES;
				CLANG_WARN_BLOCK_CAPTURE_AUTORELEASING = YES;
				CLANG_WARN_BOOL_CONVERSION = YES;
				CLANG_WARN_COMMA = YES;
				CLANG_WARN_CONSTANT_CONVERSION = YES;
				CLANG_WARN_DEPRECATED_OBJC_IMPLEMENTATIONS = YES;
				CLANG_WARN_DIRECT_OBJC_ISA_USAGE = YES_ERROR;
				CLANG_WARN_DOCUMENTATION_COMMENTS = YES;
				CLANG_WARN_EMPTY_BODY = YES;
				CLANG_WARN_ENUM_CONVERSION = YES;
				CLANG_WARN_INFINITE_RECURSION = YES;
				CLANG_WARN_INT_CONVERSION = YES;
				CLANG_WARN_NON_LITERAL_NULL_CONVERSION = YES;
				CLANG_WARN_OBJC_IMPLICIT_RETAIN_SELF = YES;
				CLANG_WARN_OBJC_LITERAL_CONVERSION = YES;
				CLANG_WARN_OBJC_ROOT_CLASS = YES_ERROR;
				CLANG_WARN_QUOTED_INCLUDE_IN_FRAMEWORK_HEADER = YES;
				CLANG_WARN_RANGE_LOOP_ANALYSIS = YES;
				CLANG_WARN_STRICT_PROTOTYPES = YES;
				CLANG_WARN_SUSPICIOUS_MOVE = YES;
				CLANG_WARN_UNGUARDED_AVAILABILITY = YES_AGGRESSIVE;
				CLANG_WARN_UNREACHABLE_CODE = YES;
				CLANG_WARN__DUPLICATE_METHOD_MATCH = YES;
				COPY_PHASE_STRIP = NO;
				DEBUG_INFORMATION_FORMAT = "dwarf-with-dsym";
				ENABLE_NS_ASSERTIONS = NO;
				ENABLE_STRICT_OBJC_MSGSEND = YES;
				GCC_C_LANGUAGE_STANDARD = gnu11;
				GCC_NO_COMMON_BLOCKS = YES;
				GCC_WARN_64_TO_32_BIT_CONVERSION = YES;
				GCC_WARN_ABOUT_RETURN_TYPE = YES_ERROR;
				GCC_WARN_UNDECLARED_SELECTOR = YES;
				GCC_WARN_UNINITIALIZED_AUTOS = YES_AGGRESSIVE;
				GCC_WARN_UNUSED_FUNCTION = YES;
				GCC_WARN_UNUSED_VARIABLE = YES;
				IPHONEOS_DEPLOYMENT_TARGET = 14.5;
				MTL_ENABLE_DEBUG_INFO = NO;
				MTL_FAST_MATH = YES;
				SDKROOT = iphoneos;
				SWIFT_COMPILATION_MODE = wholemodule;
				SWIFT_OPTIMIZATION_LEVEL = "-O";
				VALIDATE_PRODUCT = YES;
			};
			name = Release;
		};
		2EF7A8D626F9C40A0093A80C /* Debug */ = {
			isa = XCBuildConfiguration;
			buildSettings = {
				ASSETCATALOG_COMPILER_APPICON_NAME = AppIcon;
				ASSETCATALOG_COMPILER_GLOBAL_ACCENT_COLOR_NAME = AccentColor;
				CODE_SIGN_STYLE = Automatic;
				DEVELOPMENT_ASSET_PATHS = "\"toohak/Preview Content\"";
				ENABLE_PREVIEWS = YES;
				INFOPLIST_FILE = toohak/Info.plist;
				IPHONEOS_DEPLOYMENT_TARGET = 14.0;
				LD_RUNPATH_SEARCH_PATHS = (
					"$(inherited)",
					"@executable_path/Frameworks",
				);
				PRODUCT_BUNDLE_IDENTIFIER = sg.tk.efss.eugene.toohak;
				PRODUCT_NAME = "$(TARGET_NAME)";
				SWIFT_VERSION = 5.0;
				TARGETED_DEVICE_FAMILY = "1,2";
			};
			name = Debug;
		};
		2EF7A8D726F9C40A0093A80C /* Release */ = {
			isa = XCBuildConfiguration;
			buildSettings = {
				ASSETCATALOG_COMPILER_APPICON_NAME = AppIcon;
				ASSETCATALOG_COMPILER_GLOBAL_ACCENT_COLOR_NAME = AccentColor;
				CODE_SIGN_STYLE = Automatic;
				DEVELOPMENT_ASSET_PATHS = "\"toohak/Preview Content\"";
				ENABLE_PREVIEWS = YES;
				INFOPLIST_FILE = toohak/Info.plist;
				IPHONEOS_DEPLOYMENT_TARGET = 14.0;
				LD_RUNPATH_SEARCH_PATHS = (
					"$(inherited)",
					"@executable_path/Frameworks",
				);
				PRODUCT_BUNDLE_IDENTIFIER = sg.tk.efss.eugene.toohak;
				PRODUCT_NAME = "$(TARGET_NAME)";
				SWIFT_VERSION = 5.0;
				TARGETED_DEVICE_FAMILY = "1,2";
			};
			name = Release;
		};
		2EF7A8D926F9C40A0093A80C /* Debug */ = {
			isa = XCBuildConfiguration;
			buildSettings = {
				ALWAYS_EMBED_SWIFT_STANDARD_LIBRARIES = YES;
				BUNDLE_LOADER = "$(TEST_HOST)";
				CODE_SIGN_STYLE = Automatic;
				INFOPLIST_FILE = toohakTests/Info.plist;
				IPHONEOS_DEPLOYMENT_TARGET = 14.0;
				LD_RUNPATH_SEARCH_PATHS = (
					"$(inherited)",
					"@executable_path/Frameworks",
					"@loader_path/Frameworks",
				);
				PRODUCT_BUNDLE_IDENTIFIER = sg.tk.efss.eugene.toohakTests;
				PRODUCT_NAME = "$(TARGET_NAME)";
				SWIFT_VERSION = 5.0;
				TARGETED_DEVICE_FAMILY = "1,2";
				TEST_HOST = "$(BUILT_PRODUCTS_DIR)/toohak.app/toohak";
			};
			name = Debug;
		};
		2EF7A8DA26F9C40A0093A80C /* Release */ = {
			isa = XCBuildConfiguration;
			buildSettings = {
				ALWAYS_EMBED_SWIFT_STANDARD_LIBRARIES = YES;
				BUNDLE_LOADER = "$(TEST_HOST)";
				CODE_SIGN_STYLE = Automatic;
				INFOPLIST_FILE = toohakTests/Info.plist;
				IPHONEOS_DEPLOYMENT_TARGET = 14.0;
				LD_RUNPATH_SEARCH_PATHS = (
					"$(inherited)",
					"@executable_path/Frameworks",
					"@loader_path/Frameworks",
				);
				PRODUCT_BUNDLE_IDENTIFIER = sg.tk.efss.eugene.toohakTests;
				PRODUCT_NAME = "$(TARGET_NAME)";
				SWIFT_VERSION = 5.0;
				TARGETED_DEVICE_FAMILY = "1,2";
				TEST_HOST = "$(BUILT_PRODUCTS_DIR)/toohak.app/toohak";
			};
			name = Release;
		};
		2EF7A8DC26F9C40A0093A80C /* Debug */ = {
			isa = XCBuildConfiguration;
			buildSettings = {
				ALWAYS_EMBED_SWIFT_STANDARD_LIBRARIES = YES;
				CODE_SIGN_STYLE = Automatic;
				INFOPLIST_FILE = toohakUITests/Info.plist;
				LD_RUNPATH_SEARCH_PATHS = (
					"$(inherited)",
					"@executable_path/Frameworks",
					"@loader_path/Frameworks",
				);
				PRODUCT_BUNDLE_IDENTIFIER = sg.tk.efss.eugene.toohakUITests;
				PRODUCT_NAME = "$(TARGET_NAME)";
				SWIFT_VERSION = 5.0;
				TARGETED_DEVICE_FAMILY = "1,2";
				TEST_TARGET_NAME = toohak;
			};
			name = Debug;
		};
		2EF7A8DD26F9C40A0093A80C /* Release */ = {
			isa = XCBuildConfiguration;
			buildSettings = {
				ALWAYS_EMBED_SWIFT_STANDARD_LIBRARIES = YES;
				CODE_SIGN_STYLE = Automatic;
				INFOPLIST_FILE = toohakUITests/Info.plist;
				LD_RUNPATH_SEARCH_PATHS = (
					"$(inherited)",
					"@executable_path/Frameworks",
					"@loader_path/Frameworks",
				);
				PRODUCT_BUNDLE_IDENTIFIER = sg.tk.efss.eugene.toohakUITests;
				PRODUCT_NAME = "$(TARGET_NAME)";
				SWIFT_VERSION = 5.0;
				TARGETED_DEVICE_FAMILY = "1,2";
				TEST_TARGET_NAME = toohak;
			};
			name = Release;
		};
/* End XCBuildConfiguration section */

/* Begin XCConfigurationList section */
		2EF7A8AB26F9C3F90093A80C /* Build configuration list for PBXProject "toohak" */ = {
			isa = XCConfigurationList;
			buildConfigurations = (
				2EF7A8D326F9C40A0093A80C /* Debug */,
				2EF7A8D426F9C40A0093A80C /* Release */,
			);
			defaultConfigurationIsVisible = 0;
			defaultConfigurationName = Release;
		};
		2EF7A8D526F9C40A0093A80C /* Build configuration list for PBXNativeTarget "toohak" */ = {
			isa = XCConfigurationList;
			buildConfigurations = (
				2EF7A8D626F9C40A0093A80C /* Debug */,
				2EF7A8D726F9C40A0093A80C /* Release */,
			);
			defaultConfigurationIsVisible = 0;
			defaultConfigurationName = Release;
		};
		2EF7A8D826F9C40A0093A80C /* Build configuration list for PBXNativeTarget "toohakTests" */ = {
			isa = XCConfigurationList;
			buildConfigurations = (
				2EF7A8D926F9C40A0093A80C /* Debug */,
				2EF7A8DA26F9C40A0093A80C /* Release */,
			);
			defaultConfigurationIsVisible = 0;
			defaultConfigurationName = Release;
		};
		2EF7A8DB26F9C40A0093A80C /* Build configuration list for PBXNativeTarget "toohakUITests" */ = {
			isa = XCConfigurationList;
			buildConfigurations = (
				2EF7A8DC26F9C40A0093A80C /* Debug */,
				2EF7A8DD26F9C40A0093A80C /* Release */,
			);
			defaultConfigurationIsVisible = 0;
			defaultConfigurationName = Release;
		};
/* End XCConfigurationList section */
	};
	rootObject = 2EF7A8A826F9C3F90093A80C /* Project object */;
}
